
Microsoft Visual Studio Solution File, Format Version 12.00
# Visual Studio Version 17
VisualStudioVersion = 17.11.35327.3
MinimumVisualStudioVersion = 10.0.40219.1
Project("{FAE04EC0-301F-11D3-BF4B-00C04F79EFBC}") = "AbstractFactory", "AbstractFactory\AbstractFactory.csproj", "{102ED155-A5DD-49D8-A747-0A11CCF961D8}"
EndProject
Project("{FAE04EC0-301F-11D3-BF4B-00C04F79EFBC}") = "Builder", "Builder\Builder.csproj", "{271E6A6F-D8C9-4FAD-AFE7-C7604A1330A1}"
EndProject
Project("{FAE04EC0-301F-11D3-BF4B-00C04F79EFBC}") = "FactoryMethod", "FactoryMethod\FactoryMethod.csproj", "{C938256B-08EF-43A2-B487-24C69214FAB8}"
EndProject
Project("{FAE04EC0-301F-11D3-BF4B-00C04F79EFBC}") = "Prototype", "Prototype\Prototype.csproj", "{9C28FEB9-1D2D-43A0-AFCC-8FCED0E95F6A}"
EndProject
Project("{FAE04EC0-301F-11D3-BF4B-00C04F79EFBC}") = "Singleton", "Singleton\Singleton.csproj", "{EFCA5E9A-B57F-4779-B62B-A64A8C8C728A}"
EndProject
Global
	GlobalSection(SolutionConfigurationPlatforms) = preSolution
		Debug|Any CPU = Debug|Any CPU
		Release|Any CPU = Release|Any CPU
	EndGlobalSection
	GlobalSection(ProjectConfigurationPlatforms) = postSolution
		{102ED155-A5DD-49D8-A747-0A11CCF961D8}.Debug|Any CPU.ActiveCfg = Debug|Any CPU
		{102ED155-A5DD-49D8-A747-0A11CCF961D8}.Debug|Any CPU.Build.0 = Debug|Any CPU
		{102ED155-A5DD-49D8-A747-0A11CCF961D8}.Release|Any CPU.ActiveCfg = Release|Any CPU
		{102ED155-A5DD-49D8-A747-0A11CCF961D8}.Release|Any CPU.Build.0 = Release|Any CPU
		{271E6A6F-D8C9-4FAD-AFE7-C7604A1330A1}.Debug|Any CPU.ActiveCfg = Debug|Any CPU
		{271E6A6F-D8C9-4FAD-AFE7-C7604A1330A1}.Debug|Any CPU.Build.0 = Debug|Any CPU
		{271E6A6F-D8C9-4FAD-AFE7-C7604A1330A1}.Release|Any CPU.ActiveCfg = Release|Any CPU
		{271E6A6F-D8C9-4FAD-AFE7-C7604A1330A1}.Release|Any CPU.Build.0 = Release|Any CPU
		{C938256B-08EF-43A2-B487-24C69214FAB8}.Debug|Any CPU.ActiveCfg = Debug|Any CPU
		{C938256B-08EF-43A2-B487-24C69214FAB8}.Debug|Any CPU.Build.0 = Debug|Any CPU
		{C938256B-08EF-43A2-B487-24C69214FAB8}.Release|Any CPU.ActiveCfg = Release|Any CPU
		{C938256B-08EF-43A2-B487-24C69214FAB8}.Release|Any CPU.Build.0 = Release|Any CPU
		{9C28FEB9-1D2D-43A0-AFCC-8FCED0E95F6A}.Debug|Any CPU.ActiveCfg = Debug|Any CPU
		{9C28FEB9-1D2D-43A0-AFCC-8FCED0E95F6A}.Debug|Any CPU.Build.0 = Debug|Any CPU
		{9C28FEB9-1D2D-43A0-AFCC-8FCED0E95F6A}.Release|Any CPU.ActiveCfg = Release|Any CPU
		{9C28FEB9-1D2D-43A0-AFCC-8FCED0E95F6A}.Release|Any CPU.Build.0 = Release|Any CPU
		{EFCA5E9A-B57F-4779-B62B-A64A8C8C728A}.Debug|Any CPU.ActiveCfg = Debug|Any CPU
		{EFCA5E9A-B57F-4779-B62B-A64A8C8C728A}.Debug|Any CPU.Build.0 = Debug|Any CPU
		{EFCA5E9A-B57F-4779-B62B-A64A8C8C728A}.Release|Any CPU.ActiveCfg = Release|Any CPU
		{EFCA5E9A-B57F-4779-B62B-A64A8C8C728A}.Release|Any CPU.Build.0 = Release|Any CPU
	EndGlobalSection
	GlobalSection(SolutionProperties) = preSolution
		HideSolutionNode = FALSE
	EndGlobalSection
	GlobalSection(ExtensibilityGlobals) = postSolution
		SolutionGuid = {8735E7C6-1123-4087-A088-61B4C5F1D066}
	EndGlobalSection
EndGlobal
